// !$*UTF8*$!
{
	archiveVersion = 1;
	classes = {
	};
	objectVersion = 46;
	objects = {

/* Begin PBXBuildFile section */
		5C00D9E71E77E9D900F2598E /* AppDelegate.swift in Sources */ = {isa = PBXBuildFile; fileRef = 5C00D9E61E77E9D900F2598E /* AppDelegate.swift */; };
		5C00D9E91E77E9D900F2598E /* ViewController.swift in Sources */ = {isa = PBXBuildFile; fileRef = 5C00D9E81E77E9D900F2598E /* ViewController.swift */; };
		5C00D9EC1E77E9D900F2598E /* Main.storyboard in Resources */ = {isa = PBXBuildFile; fileRef = 5C00D9EA1E77E9D900F2598E /* Main.storyboard */; };
		5C00D9EF1E77E9D900F2598E /* MatchColors.xcdatamodeld in Sources */ = {isa = PBXBuildFile; fileRef = 5C00D9ED1E77E9D900F2598E /* MatchColors.xcdatamodeld */; };
		5C00D9F11E77E9D900F2598E /* Assets.xcassets in Resources */ = {isa = PBXBuildFile; fileRef = 5C00D9F01E77E9D900F2598E /* Assets.xcassets */; };
		5C00D9F41E77E9D900F2598E /* LaunchScreen.storyboard in Resources */ = {isa = PBXBuildFile; fileRef = 5C00D9F21E77E9D900F2598E /* LaunchScreen.storyboard */; };
		5C00D9FF1E77E9DA00F2598E /* MatchColorsTests.swift in Sources */ = {isa = PBXBuildFile; fileRef = 5C00D9FE1E77E9DA00F2598E /* MatchColorsTests.swift */; };
		5C00DA0A1E77E9DA00F2598E /* MatchColorsUITests.swift in Sources */ = {isa = PBXBuildFile; fileRef = 5C00DA091E77E9DA00F2598E /* MatchColorsUITests.swift */; };
		5C00DA1C1E77F35D00F2598E /* GamePageViewController.swift in Sources */ = {isa = PBXBuildFile; fileRef = 5C00DA1B1E77F35D00F2598E /* GamePageViewController.swift */; };
		5C00DA1E1E7822C700F2598E /* Constansts.swift in Sources */ = {isa = PBXBuildFile; fileRef = 5C00DA1D1E7822C700F2598E /* Constansts.swift */; };
		5C173BEB1E8405BC006F35CC /* TimerUIView.swift in Sources */ = {isa = PBXBuildFile; fileRef = 5C173BEA1E8405BC006F35CC /* TimerUIView.swift */; };
/* End PBXBuildFile section */

/* Begin PBXContainerItemProxy section */
		5C00D9FB1E77E9DA00F2598E /* PBXContainerItemProxy */ = {
			isa = PBXContainerItemProxy;
			containerPortal = 5C00D9DB1E77E9D900F2598E /* Project object */;
			proxyType = 1;
			remoteGlobalIDString = 5C00D9E21E77E9D900F2598E;
			remoteInfo = MatchColors;
		};
		5C00DA061E77E9DA00F2598E /* PBXContainerItemProxy */ = {
			isa = PBXContainerItemProxy;
			containerPortal = 5C00D9DB1E77E9D900F2598E /* Project object */;
			proxyType = 1;
			remoteGlobalIDString = 5C00D9E21E77E9D900F2598E;
			remoteInfo = MatchColors;
		};
/* End PBXContainerItemProxy section */

/* Begin PBXFileReference section */
		5C00D9E31E77E9D900F2598E /* MatchColors.app */ = {isa = PBXFileReference; explicitFileType = wrapper.application; includeInIndex = 0; path = MatchColors.app; sourceTree = BUILT_PRODUCTS_DIR; };
		5C00D9E61E77E9D900F2598E /* AppDelegate.swift */ = {isa = PBXFileReference; lastKnownFileType = sourcecode.swift; path = AppDelegate.swift; sourceTree = "<group>"; };
		5C00D9E81E77E9D900F2598E /* ViewController.swift */ = {isa = PBXFileReference; lastKnownFileType = sourcecode.swift; path = ViewController.swift; sourceTree = "<group>"; };
		5C00D9EB1E77E9D900F2598E /* Base */ = {isa = PBXFileReference; lastKnownFileType = file.storyboard; name = Base; path = Base.lproj/Main.storyboard; sourceTree = "<group>"; };
		5C00D9EE1E77E9D900F2598E /* MatchColors.xcdatamodel */ = {isa = PBXFileReference; lastKnownFileType = wrapper.xcdatamodel; path = MatchColors.xcdatamodel; sourceTree = "<group>"; };
		5C00D9F01E77E9D900F2598E /* Assets.xcassets */ = {isa = PBXFileReference; lastKnownFileType = folder.assetcatalog; path = Assets.xcassets; sourceTree = "<group>"; };
		5C00D9F31E77E9D900F2598E /* Base */ = {isa = PBXFileReference; lastKnownFileType = file.storyboard; name = Base; path = Base.lproj/LaunchScreen.storyboard; sourceTree = "<group>"; };
		5C00D9F51E77E9D900F2598E /* Info.plist */ = {isa = PBXFileReference; lastKnownFileType = text.plist.xml; path = Info.plist; sourceTree = "<group>"; };
		5C00D9FA1E77E9DA00F2598E /* MatchColorsTests.xctest */ = {isa = PBXFileReference; explicitFileType = wrapper.cfbundle; includeInIndex = 0; path = MatchColorsTests.xctest; sourceTree = BUILT_PRODUCTS_DIR; };
		5C00D9FE1E77E9DA00F2598E /* MatchColorsTests.swift */ = {isa = PBXFileReference; lastKnownFileType = sourcecode.swift; path = MatchColorsTests.swift; sourceTree = "<group>"; };
		5C00DA001E77E9DA00F2598E /* Info.plist */ = {isa = PBXFileReference; lastKnownFileType = text.plist.xml; path = Info.plist; sourceTree = "<group>"; };
		5C00DA051E77E9DA00F2598E /* MatchColorsUITests.xctest */ = {isa = PBXFileReference; explicitFileType = wrapper.cfbundle; includeInIndex = 0; path = MatchColorsUITests.xctest; sourceTree = BUILT_PRODUCTS_DIR; };
		5C00DA091E77E9DA00F2598E /* MatchColorsUITests.swift */ = {isa = PBXFileReference; lastKnownFileType = sourcecode.swift; path = MatchColorsUITests.swift; sourceTree = "<group>"; };
		5C00DA0B1E77E9DA00F2598E /* Info.plist */ = {isa = PBXFileReference; lastKnownFileType = text.plist.xml; path = Info.plist; sourceTree = "<group>"; };
		5C00DA1B1E77F35D00F2598E /* GamePageViewController.swift */ = {isa = PBXFileReference; fileEncoding = 4; lastKnownFileType = sourcecode.swift; path = GamePageViewController.swift; sourceTree = "<group>"; };
		5C00DA1D1E7822C700F2598E /* Constansts.swift */ = {isa = PBXFileReference; fileEncoding = 4; lastKnownFileType = sourcecode.swift; path = Constansts.swift; sourceTree = "<group>"; };
		5C173BEA1E8405BC006F35CC /* TimerUIView.swift */ = {isa = PBXFileReference; fileEncoding = 4; lastKnownFileType = sourcecode.swift; path = TimerUIView.swift; sourceTree = "<group>"; };
/* End PBXFileReference section */

/* Begin PBXFrameworksBuildPhase section */
		5C00D9E01E77E9D900F2598E /* Frameworks */ = {
			isa = PBXFrameworksBuildPhase;
			buildActionMask = 2147483647;
			files = (
			);
			runOnlyForDeploymentPostprocessing = 0;
		};
		5C00D9F71E77E9DA00F2598E /* Frameworks */ = {
			isa = PBXFrameworksBuildPhase;
			buildActionMask = 2147483647;
			files = (
			);
			runOnlyForDeploymentPostprocessing = 0;
		};
		5C00DA021E77E9DA00F2598E /* Frameworks */ = {
			isa = PBXFrameworksBuildPhase;
			buildActionMask = 2147483647;
			files = (
			);
			runOnlyForDeploymentPostprocessing = 0;
		};
/* End PBXFrameworksBuildPhase section */

/* Begin PBXGroup section */
		5C00D9DA1E77E9D900F2598E = {
			isa = PBXGroup;
			children = (
				5C00D9E51E77E9D900F2598E /* MatchColors */,
				5C00D9FD1E77E9DA00F2598E /* MatchColorsTests */,
				5C00DA081E77E9DA00F2598E /* MatchColorsUITests */,
				5C00D9E41E77E9D900F2598E /* Products */,
			);
			sourceTree = "<group>";
		};
		5C00D9E41E77E9D900F2598E /* Products */ = {
			isa = PBXGroup;
			children = (
				5C00D9E31E77E9D900F2598E /* MatchColors.app */,
				5C00D9FA1E77E9DA00F2598E /* MatchColorsTests.xctest */,
				5C00DA051E77E9DA00F2598E /* MatchColorsUITests.xctest */,
			);
			name = Products;
			sourceTree = "<group>";
		};
		5C00D9E51E77E9D900F2598E /* MatchColors */ = {
			isa = PBXGroup;
			children = (
				5C00D9E61E77E9D900F2598E /* AppDelegate.swift */,
				5C00D9E81E77E9D900F2598E /* ViewController.swift */,
				5C00DA1B1E77F35D00F2598E /* GamePageViewController.swift */,
				5C173BEA1E8405BC006F35CC /* TimerUIView.swift */,
				5C00DA1D1E7822C700F2598E /* Constansts.swift */,
				5C00D9EA1E77E9D900F2598E /* Main.storyboard */,
				5C00D9F01E77E9D900F2598E /* Assets.xcassets */,
				5C00D9F21E77E9D900F2598E /* LaunchScreen.storyboard */,
				5C00D9F51E77E9D900F2598E /* Info.plist */,
				5C00D9ED1E77E9D900F2598E /* MatchColors.xcdatamodeld */,
			);
			path = MatchColors;
			sourceTree = "<group>";
		};
		5C00D9FD1E77E9DA00F2598E /* MatchColorsTests */ = {
			isa = PBXGroup;
			children = (
				5C00D9FE1E77E9DA00F2598E /* MatchColorsTests.swift */,
				5C00DA001E77E9DA00F2598E /* Info.plist */,
			);
			path = MatchColorsTests;
			sourceTree = "<group>";
		};
		5C00DA081E77E9DA00F2598E /* MatchColorsUITests */ = {
			isa = PBXGroup;
			children = (
				5C00DA091E77E9DA00F2598E /* MatchColorsUITests.swift */,
				5C00DA0B1E77E9DA00F2598E /* Info.plist */,
			);
			path = MatchColorsUITests;
			sourceTree = "<group>";
		};
/* End PBXGroup section */

/* Begin PBXNativeTarget section */
		5C00D9E21E77E9D900F2598E /* MatchColors */ = {
			isa = PBXNativeTarget;
			buildConfigurationList = 5C00DA0E1E77E9DA00F2598E /* Build configuration list for PBXNativeTarget "MatchColors" */;
			buildPhases = (
				5C00D9DF1E77E9D900F2598E /* Sources */,
				5C00D9E01E77E9D900F2598E /* Frameworks */,
				5C00D9E11E77E9D900F2598E /* Resources */,
			);
			buildRules = (
			);
			dependencies = (
			);
			name = MatchColors;
			productName = MatchColors;
			productReference = 5C00D9E31E77E9D900F2598E /* MatchColors.app */;
			productType = "com.apple.product-type.application";
		};
		5C00D9F91E77E9DA00F2598E /* MatchColorsTests */ = {
			isa = PBXNativeTarget;
			buildConfigurationList = 5C00DA111E77E9DA00F2598E /* Build configuration list for PBXNativeTarget "MatchColorsTests" */;
			buildPhases = (
				5C00D9F61E77E9DA00F2598E /* Sources */,
				5C00D9F71E77E9DA00F2598E /* Frameworks */,
				5C00D9F81E77E9DA00F2598E /* Resources */,
			);
			buildRules = (
			);
			dependencies = (
				5C00D9FC1E77E9DA00F2598E /* PBXTargetDependency */,
			);
			name = MatchColorsTests;
			productName = MatchColorsTests;
			productReference = 5C00D9FA1E77E9DA00F2598E /* MatchColorsTests.xctest */;
			productType = "com.apple.product-type.bundle.unit-test";
		};
		5C00DA041E77E9DA00F2598E /* MatchColorsUITests */ = {
			isa = PBXNativeTarget;
			buildConfigurationList = 5C00DA141E77E9DA00F2598E /* Build configuration list for PBXNativeTarget "MatchColorsUITests" */;
			buildPhases = (
				5C00DA011E77E9DA00F2598E /* Sources */,
				5C00DA021E77E9DA00F2598E /* Frameworks */,
				5C00DA031E77E9DA00F2598E /* Resources */,
			);
			buildRules = (
			);
			dependencies = (
				5C00DA071E77E9DA00F2598E /* PBXTargetDependency */,
			);
			name = MatchColorsUITests;
			productName = MatchColorsUITests;
			productReference = 5C00DA051E77E9DA00F2598E /* MatchColorsUITests.xctest */;
			productType = "com.apple.product-type.bundle.ui-testing";
		};
/* End PBXNativeTarget section */

/* Begin PBXProject section */
		5C00D9DB1E77E9D900F2598E /* Project object */ = {
			isa = PBXProject;
			attributes = {
				LastSwiftUpdateCheck = 0720;
				LastUpgradeCheck = 0920;
				ORGANIZATIONNAME = SaTHYa;
				TargetAttributes = {
					5C00D9E21E77E9D900F2598E = {
						CreatedOnToolsVersion = 7.2;
						LastSwiftMigration = 0920;
					};
					5C00D9F91E77E9DA00F2598E = {
						CreatedOnToolsVersion = 7.2;
						LastSwiftMigration = 0920;
						TestTargetID = 5C00D9E21E77E9D900F2598E;
					};
					5C00DA041E77E9DA00F2598E = {
						CreatedOnToolsVersion = 7.2;
						LastSwiftMigration = 0920;
						TestTargetID = 5C00D9E21E77E9D900F2598E;
					};
				};
			};
			buildConfigurationList = 5C00D9DE1E77E9D900F2598E /* Build configuration list for PBXProject "MatchColors" */;
			compatibilityVersion = "Xcode 3.2";
			developmentRegion = English;
			hasScannedForEncodings = 0;
			knownRegions = (
				en,
				Base,
			);
			mainGroup = 5C00D9DA1E77E9D900F2598E;
			productRefGroup = 5C00D9E41E77E9D900F2598E /* Products */;
			projectDirPath = "";
			projectRoot = "";
			targets = (
				5C00D9E21E77E9D900F2598E /* MatchColors */,
				5C00D9F91E77E9DA00F2598E /* MatchColorsTests */,
				5C00DA041E77E9DA00F2598E /* MatchColorsUITests */,
			);
		};
/* End PBXProject section */

/* Begin PBXResourcesBuildPhase section */
		5C00D9E11E77E9D900F2598E /* Resources */ = {
			isa = PBXResourcesBuildPhase;
			buildActionMask = 2147483647;
			files = (
				5C00D9F41E77E9D900F2598E /* LaunchScreen.storyboard in Resources */,
				5C00D9F11E77E9D900F2598E /* Assets.xcassets in Resources */,
				5C00D9EC1E77E9D900F2598E /* Main.storyboard in Resources */,
			);
			runOnlyForDeploymentPostprocessing = 0;
		};
		5C00D9F81E77E9DA00F2598E /* Resources */ = {
			isa = PBXResourcesBuildPhase;
			buildActionMask = 2147483647;
			files = (
			);
			runOnlyForDeploymentPostprocessing = 0;
		};
		5C00DA031E77E9DA00F2598E /* Resources */ = {
			isa = PBXResourcesBuildPhase;
			buildActionMask = 2147483647;
			files = (
			);
			runOnlyForDeploymentPostprocessing = 0;
		};
/* End PBXResourcesBuildPhase section */

/* Begin PBXSourcesBuildPhase section */
		5C00D9DF1E77E9D900F2598E /* Sources */ = {
			isa = PBXSourcesBuildPhase;
			buildActionMask = 2147483647;
			files = (
				5C00DA1E1E7822C700F2598E /* Constansts.swift in Sources */,
				5C00D9EF1E77E9D900F2598E /* MatchColors.xcdatamodeld in Sources */,
				5C173BEB1E8405BC006F35CC /* TimerUIView.swift in Sources */,
				5C00DA1C1E77F35D00F2598E /* GamePageViewController.swift in Sources */,
				5C00D9E91E77E9D900F2598E /* ViewController.swift in Sources */,
				5C00D9E71E77E9D900F2598E /* AppDelegate.swift in Sources */,
			);
			runOnlyForDeploymentPostprocessing = 0;
		};
		5C00D9F61E77E9DA00F2598E /* Sources */ = {
			isa = PBXSourcesBuildPhase;
			buildActionMask = 2147483647;
			files = (
				5C00D9FF1E77E9DA00F2598E /* MatchColorsTests.swift in Sources */,
			);
			runOnlyForDeploymentPostprocessing = 0;
		};
		5C00DA011E77E9DA00F2598E /* Sources */ = {
			isa = PBXSourcesBuildPhase;
			buildActionMask = 2147483647;
			files = (
				5C00DA0A1E77E9DA00F2598E /* MatchColorsUITests.swift in Sources */,
			);
			runOnlyForDeploymentPostprocessing = 0;
		};
/* End PBXSourcesBuildPhase section */

/* Begin PBXTargetDependency section */
		5C00D9FC1E77E9DA00F2598E /* PBXTargetDependency */ = {
			isa = PBXTargetDependency;
			target = 5C00D9E21E77E9D900F2598E /* MatchColors */;
			targetProxy = 5C00D9FB1E77E9DA00F2598E /* PBXContainerItemProxy */;
		};
		5C00DA071E77E9DA00F2598E /* PBXTargetDependency */ = {
			isa = PBXTargetDependency;
			target = 5C00D9E21E77E9D900F2598E /* MatchColors */;
			targetProxy = 5C00DA061E77E9DA00F2598E /* PBXContainerItemProxy */;
		};
/* End PBXTargetDependency section */

/* Begin PBXVariantGroup section */
		5C00D9EA1E77E9D900F2598E /* Main.storyboard */ = {
			isa = PBXVariantGroup;
			children = (
				5C00D9EB1E77E9D900F2598E /* Base */,
			);
			name = Main.storyboard;
			sourceTree = "<group>";
		};
		5C00D9F21E77E9D900F2598E /* LaunchScreen.storyboard */ = {
			isa = PBXVariantGroup;
			children = (
				5C00D9F31E77E9D900F2598E /* Base */,
			);
			name = LaunchScreen.storyboard;
			sourceTree = "<group>";
		};
/* End PBXVariantGroup section */

/* Begin XCBuildConfiguration section */
		5C00DA0C1E77E9DA00F2598E /* Debug */ = {
			isa = XCBuildConfiguration;
			buildSettings = {
				ALWAYS_SEARCH_USER_PATHS = NO;
				CLANG_CXX_LANGUAGE_STANDARD = "gnu++0x";
				CLANG_CXX_LIBRARY = "libc++";
				CLANG_ENABLE_MODULES = YES;
				CLANG_ENABLE_OBJC_ARC = YES;
				CLANG_WARN_BLOCK_CAPTURE_AUTORELEASING = YES;
				CLANG_WARN_BOOL_CONVERSION = YES;
				CLANG_WARN_COMMA = YES;
				CLANG_WARN_CONSTANT_CONVERSION = YES;
				CLANG_WARN_DIRECT_OBJC_ISA_USAGE = YES_ERROR;
				CLANG_WARN_EMPTY_BODY = YES;
				CLANG_WARN_ENUM_CONVERSION = YES;
				CLANG_WARN_INFINITE_RECURSION = YES;
				CLANG_WARN_INT_CONVERSION = YES;
				CLANG_WARN_NON_LITERAL_NULL_CONVERSION = YES;
				CLANG_WARN_OBJC_LITERAL_CONVERSION = YES;
				CLANG_WARN_OBJC_ROOT_CLASS = YES_ERROR;
				CLANG_WARN_RANGE_LOOP_ANALYSIS = YES;
				CLANG_WARN_STRICT_PROTOTYPES = YES;
				CLANG_WARN_SUSPICIOUS_MOVE = YES;
				CLANG_WARN_UNREACHABLE_CODE = YES;
				CLANG_WARN__DUPLICATE_METHOD_MATCH = YES;
				"CODE_SIGN_IDENTITY[sdk=iphoneos*]" = "iPhone Developer";
				COPY_PHASE_STRIP = NO;
				DEBUG_INFORMATION_FORMAT = dwarf;
				ENABLE_STRICT_OBJC_MSGSEND = YES;
				ENABLE_TESTABILITY = YES;
				GCC_C_LANGUAGE_STANDARD = gnu99;
				GCC_DYNAMIC_NO_PIC = NO;
				GCC_NO_COMMON_BLOCKS = YES;
				GCC_OPTIMIZATION_LEVEL = 0;
				GCC_PREPROCESSOR_DEFINITIONS = (
					"DEBUG=1",
					"$(inherited)",
				);
				GCC_WARN_64_TO_32_BIT_CONVERSION = YES;
				GCC_WARN_ABOUT_RETURN_TYPE = YES_ERROR;
				GCC_WARN_UNDECLARED_SELECTOR = YES;
				GCC_WARN_UNINITIALIZED_AUTOS = YES_AGGRESSIVE;
				GCC_WARN_UNUSED_FUNCTION = YES;
				GCC_WARN_UNUSED_VARIABLE = YES;
				IPHONEOS_DEPLOYMENT_TARGET = 9.2;
				MTL_ENABLE_DEBUG_INFO = YES;
				ONLY_ACTIVE_ARCH = YES;
				SDKROOT = iphoneos;
				SWIFT_OPTIMIZATION_LEVEL = "-Onone";
				TARGETED_DEVICE_FAMILY = 2;
			};
			name = Debug;
		};
		5C00DA0D1E77E9DA00F2598E /* Release */ = {
			isa = XCBuildConfiguration;
			buildSettings = {
				ALWAYS_SEARCH_USER_PATHS = NO;
				CLANG_CXX_LANGUAGE_STANDARD = "gnu++0x";
				CLANG_CXX_LIBRARY = "libc++";
				CLANG_ENABLE_MODULES = YES;
				CLANG_ENABLE_OBJC_ARC = YES;
				CLANG_WARN_BLOCK_CAPTURE_AUTORELEASING = YES;
				CLANG_WARN_BOOL_CONVERSION = YES;
				CLANG_WARN_COMMA = YES;
				CLANG_WARN_CONSTANT_CONVERSION = YES;
				CLANG_WARN_DIRECT_OBJC_ISA_USAGE = YES_ERROR;
				CLANG_WARN_EMPTY_BODY = YES;
				CLANG_WARN_ENUM_CONVERSION = YES;
				CLANG_WARN_INFINITE_RECURSION = YES;
				CLANG_WARN_INT_CONVERSION = YES;
				CLANG_WARN_NON_LITERAL_NULL_CONVERSION = YES;
				CLANG_WARN_OBJC_LITERAL_CONVERSION = YES;
				CLANG_WARN_OBJC_ROOT_CLASS = YES_ERROR;
				CLANG_WARN_RANGE_LOOP_ANALYSIS = YES;
				CLANG_WARN_STRICT_PROTOTYPES = YES;
				CLANG_WARN_SUSPICIOUS_MOVE = YES;
				CLANG_WARN_UNREACHABLE_CODE = YES;
				CLANG_WARN__DUPLICATE_METHOD_MATCH = YES;
				"CODE_SIGN_IDENTITY[sdk=iphoneos*]" = "iPhone Developer";
				COPY_PHASE_STRIP = NO;
				DEBUG_INFORMATION_FORMAT = "dwarf-with-dsym";
				ENABLE_NS_ASSERTIONS = NO;
				ENABLE_STRICT_OBJC_MSGSEND = YES;
				GCC_C_LANGUAGE_STANDARD = gnu99;
				GCC_NO_COMMON_BLOCKS = YES;
				GCC_WARN_64_TO_32_BIT_CONVERSION = YES;
				GCC_WARN_ABOUT_RETURN_TYPE = YES_ERROR;
				GCC_WARN_UNDECLARED_SELECTOR = YES;
				GCC_WARN_UNINITIALIZED_AUTOS = YES_AGGRESSIVE;
				GCC_WARN_UNUSED_FUNCTION = YES;
				GCC_WARN_UNUSED_VARIABLE = YES;
				IPHONEOS_DEPLOYMENT_TARGET = 9.2;
				MTL_ENABLE_DEBUG_INFO = NO;
				SDKROOT = iphoneos;
				SWIFT_OPTIMIZATION_LEVEL = "-Owholemodule";
				TARGETED_DEVICE_FAMILY = 2;
				VALIDATE_PRODUCT = YES;
			};
			name = Release;
		};
		5C00DA0F1E77E9DA00F2598E /* Debug */ = {
			isa = XCBuildConfiguration;
			buildSettings = {
				ASSETCATALOG_COMPILER_APPICON_NAME = AppIcon;
				INFOPLIST_FILE = MatchColors/Info.plist;
				LD_RUNPATH_SEARCH_PATHS = "$(inherited) @executable_path/Frameworks";
				PRODUCT_BUNDLE_IDENTIFIER = com.SaTHYa.MatchColors;
				PRODUCT_NAME = "$(TARGET_NAME)";
				SWIFT_SWIFT3_OBJC_INFERENCE = Default;
				SWIFT_VERSION = 4.0;
				TARGETED_DEVICE_FAMILY = 1;
			};
			name = Debug;
		};
		5C00DA101E77E9DA00F2598E /* Release */ = {
			isa = XCBuildConfiguration;
			buildSettings = {
				ASSETCATALOG_COMPILER_APPICON_NAME = AppIcon;
				INFOPLIST_FILE = MatchColors/Info.plist;
				LD_RUNPATH_SEARCH_PATHS = "$(inherited) @executable_path/Frameworks";
				PRODUCT_BUNDLE_IDENTIFIER = com.SaTHYa.MatchColors;
				PRODUCT_NAME = "$(TARGET_NAME)";
				SWIFT_SWIFT3_OBJC_INFERENCE = Default;
				SWIFT_VERSION = 4.0;
				TARGETED_DEVICE_FAMILY = 1;
			};
			name = Release;
		};
		5C00DA121E77E9DA00F2598E /* Debug */ = {
			isa = XCBuildConfiguration;
			buildSettings = {
				BUNDLE_LOADER = "$(TEST_HOST)";
				INFOPLIST_FILE = MatchColorsTests/Info.plist;
				LD_RUNPATH_SEARCH_PATHS = "$(inherited) @executable_path/Frameworks @loader_path/Frameworks";
				PRODUCT_BUNDLE_IDENTIFIER = com.SaTHYa.MatchColorsTests;
				PRODUCT_NAME = "$(TARGET_NAME)";
				SWIFT_SWIFT3_OBJC_INFERENCE = On;
				SWIFT_VERSION = 4.0;
				TEST_HOST = "$(BUILT_PRODUCTS_DIR)/MatchColors.app/MatchColors";
			};
			name = Debug;
		};
		5C00DA131E77E9DA00F2598E /* Release */ = {
			isa = XCBuildConfiguration;
			buildSettings = {
				BUNDLE_LOADER = "$(TEST_HOST)";
				INFOPLIST_FILE = MatchColorsTests/Info.plist;
				LD_RUNPATH_SEARCH_PATHS = "$(inherited) @executable_path/Frameworks @loader_path/Frameworks";
				PRODUCT_BUNDLE_IDENTIFIER = com.SaTHYa.MatchColorsTests;
				PRODUCT_NAME = "$(TARGET_NAME)";
				SWIFT_SWIFT3_OBJC_INFERENCE = On;
				SWIFT_VERSION = 4.0;
				TEST_HOST = "$(BUILT_PRODUCTS_DIR)/MatchColors.app/MatchColors";
			};
			name = Release;
		};
		5C00DA151E77E9DA00F2598E /* Debug */ = {
			isa = XCBuildConfiguration;
			buildSettings = {
				INFOPLIST_FILE = MatchColorsUITests/Info.plist;
				LD_RUNPATH_SEARCH_PATHS = "$(inherited) @executable_path/Frameworks @loader_path/Frameworks";
				PRODUCT_BUNDLE_IDENTIFIER = com.SaTHYa.MatchColorsUITests;
				PRODUCT_NAME = "$(TARGET_NAME)";
				SWIFT_SWIFT3_OBJC_INFERENCE = On;
				SWIFT_VERSION = 4.0;
				TEST_TARGET_NAME = MatchColors;
				USES_XCTRUNNER = YES;
			};
			name = Debug;
		};
		5C00DA161E77E9DA00F2598E /* Release */ = {
			isa = XCBuildConfiguration;
			buildSettings = {
				INFOPLIST_FILE = MatchColorsUITests/Info.plist;
				LD_RUNPATH_SEARCH_PATHS = "$(inherited) @executable_path/Frameworks @loader_path/Frameworks";
				PRODUCT_BUNDLE_IDENTIFIER = com.SaTHYa.MatchColorsUITests;
				PRODUCT_NAME = "$(TARGET_NAME)";
				SWIFT_SWIFT3_OBJC_INFERENCE = On;
				SWIFT_VERSION = 4.0;
				TEST_TARGET_NAME = MatchColors;
				USES_XCTRUNNER = YES;
			};
			name = Release;
		};
/* End XCBuildConfiguration section */

/* Begin XCConfigurationList section */
		5C00D9DE1E77E9D900F2598E /* Build configuration list for PBXProject "MatchColors" */ = {
			isa = XCConfigurationList;
			buildConfigurations = (
				5C00DA0C1E77E9DA00F2598E /* Debug */,
				5C00DA0D1E77E9DA00F2598E /* Release */,
			);
			defaultConfigurationIsVisible = 0;
			defaultConfigurationName = Release;
		};
		5C00DA0E1E77E9DA00F2598E /* Build configuration list for PBXNativeTarget "MatchColors" */ = {
			isa = XCConfigurationList;
			buildConfigurations = (
				5C00DA0F1E77E9DA00F2598E /* Debug */,
				5C00DA101E77E9DA00F2598E /* Release */,
			);
			defaultConfigurationIsVisible = 0;
			defaultConfigurationName = Release;
		};
		5C00DA111E77E9DA00F2598E /* Build configuration list for PBXNativeTarget "MatchColorsTests" */ = {
			isa = XCConfigurationList;
			buildConfigurations = (
				5C00DA121E77E9DA00F2598E /* Debug */,
				5C00DA131E77E9DA00F2598E /* Release */,
			);
			defaultConfigurationIsVisible = 0;
			defaultConfigurationName = Release;
		};
		5C00DA141E77E9DA00F2598E /* Build configuration list for PBXNativeTarget "MatchColorsUITests" */ = {
			isa = XCConfigurationList;
			buildConfigurations = (
				5C00DA151E77E9DA00F2598E /* Debug */,
				5C00DA161E77E9DA00F2598E /* Release */,
			);
			defaultConfigurationIsVisible = 0;
			defaultConfigurationName = Release;
		};
/* End XCConfigurationList section */

/* Begin XCVersionGroup section */
		5C00D9ED1E77E9D900F2598E /* MatchColors.xcdatamodeld */ = {
			isa = XCVersionGroup;
			children = (
				5C00D9EE1E77E9D900F2598E /* MatchColors.xcdatamodel */,
			);
			currentVersion = 5C00D9EE1E77E9D900F2598E /* MatchColors.xcdatamodel */;
			path = MatchColors.xcdatamodeld;
			sourceTree = "<group>";
			versionGroupType = wrapper.xcdatamodel;
		};
/* End XCVersionGroup section */
	};
	rootObject = 5C00D9DB1E77E9D900F2598E /* Project object */;
}
